[[package]]
name = "aerich"
version = "0.6.3"
description = "A database migrations tool for Tortoise ORM."
category = "main"
optional = false
python-versions = ">=3.7,<4.0"

[package.dependencies]
click = "*"
dictdiffer = "*"
pydantic = "*"
tomlkit = "*"
tortoise-orm = "*"

[package.extras]
asyncmy = ["asyncmy"]
asyncpg = ["asyncpg"]

[[package]]
name = "aiosqlite"
version = "0.17.0"
description = "asyncio bridge to the standard sqlite3 module"
category = "main"
optional = false
python-versions = ">=3.6"

[package.dependencies]
typing_extensions = ">=3.7.2"

[[package]]
name = "alabaster"
version = "0.7.16"
description = "A light, configurable Sphinx theme"
category = "dev"
optional = false
python-versions = ">=3.9"

[[package]]
name = "anyio"
version = "4.3.0"
description = "High level compatibility layer for multiple asynchronous event loop implementations"
category = "main"
optional = false
python-versions = ">=3.8"

[package.dependencies]
exceptiongroup = {version = ">=1.0.2", markers = "python_version < \"3.11\""}
idna = ">=2.8"
sniffio = ">=1.1"
typing-extensions = {version = ">=4.1", markers = "python_version < \"3.11\""}

[package.extras]
doc = ["packaging", "Sphinx (>=7)", "sphinx-rtd-theme", "sphinx-autodoc-typehints (>=1.2.0)"]
test = ["anyio", "coverage[toml] (>=7)", "exceptiongroup (>=1.2.0)", "hypothesis (>=4.0)", "psutil (>=5.9)", "pytest (>=7.0)", "pytest-mock (>=3.6.1)", "trustme", "uvloop (>=0.17)"]
trio = ["trio (>=0.23)"]

[[package]]
name = "appdirs"
version = "1.4.4"
description = "A small Python module for determining appropriate platform-specific dirs, e.g. a \"user data dir\"."
category = "main"
optional = false
python-versions = "*"

[[package]]
name = "arrow"
version = "1.1.1"
description = "Better dates & times for Python"
category = "main"
optional = false
python-versions = ">=3.6"

[package.dependencies]
python-dateutil = ">=2.7.0"

[[package]]
name = "asgiref"
version = "3.7.2"
description = "ASGI specs, helper code, and adapters"
category = "main"
optional = false
python-versions = ">=3.7"

[package.dependencies]
typing-extensions = {version = ">=4", markers = "python_version < \"3.11\""}

[package.extras]
tests = ["pytest", "pytest-asyncio", "mypy (>=0.800)"]

[[package]]
name = "async-timeout"
version = "4.0.3"
description = "Timeout context manager for asyncio programs"
category = "main"
optional = false
python-versions = ">=3.7"

[[package]]
name = "asyncpg"
version = "0.29.0"
description = "An asyncio PostgreSQL driver"
category = "main"
optional = false
python-versions = ">=3.8.0"

[package.dependencies]
async-timeout = {version = ">=4.0.3", markers = "python_version < \"3.12.0\""}

[package.extras]
docs = ["Sphinx (>=5.3.0,<5.4.0)", "sphinxcontrib-asyncio (>=0.3.0,<0.4.0)", "sphinx-rtd-theme (>=1.2.2)"]
test = ["flake8 (>=6.1,<7.0)", "uvloop (>=0.15.3)"]

[[package]]
name = "asynctest"
version = "0.13.0"
description = "Enhance the standard unittest package with features for testing asyncio libraries"
category = "dev"
optional = false
python-versions = ">=3.5"

[[package]]
name = "atomicwrites"
version = "1.4.1"
description = "Atomic file writes."
category = "dev"
optional = false
python-versions = ">=2.7, !=3.0.*, !=3.1.*, !=3.2.*, !=3.3.*"

[[package]]
name = "attrs"
version = "23.2.0"
description = "Classes Without Boilerplate"
category = "dev"
optional = false
python-versions = ">=3.7"

[package.extras]
cov = ["attrs", "coverage[toml] (>=5.3)"]
dev = ["attrs", "pre-commit"]
docs = ["furo", "myst-parser", "sphinx", "sphinx-notfound-page", "sphinxcontrib-towncrier", "towncrier", "zope-interface"]
tests = ["attrs", "zope-interface"]
tests-mypy = ["mypy (>=1.6)", "pytest-mypy-plugins"]
tests-no-zope = ["attrs", "cloudpickle", "hypothesis", "pympler", "pytest-xdist", "pytest (>=4.3.0)"]

[[package]]
name = "babel"
version = "2.14.0"
description = "Internationalization utilities"
category = "dev"
optional = false
python-versions = ">=3.7"

[package.extras]
dev = ["pytest (>=6.0)", "pytest-cov", "freezegun (>=1.0,<2.0)"]

[[package]]
name = "beautifulsoup4"
version = "4.11.2"
description = "Screen-scraping library"
category = "main"
optional = false
python-versions = ">=3.6.0"

[package.dependencies]
soupsieve = ">1.2"

[package.extras]
html5lib = ["html5lib"]
lxml = ["lxml"]

[[package]]
name = "certifi"
version = "2024.2.2"
description = "Python package for providing Mozilla's CA Bundle."
category = "main"
optional = false
python-versions = ">=3.6"

[[package]]
name = "charset-normalizer"
version = "3.3.2"
description = "The Real First Universal Charset Detector. Open, modern and actively maintained alternative to Chardet."
category = "main"
optional = false
python-versions = ">=3.7.0"

[[package]]
name = "click"
version = "8.1.7"
description = "Composable command line interface toolkit"
category = "main"
optional = false
python-versions = ">=3.7"

[package.dependencies]
colorama = {version = "*", markers = "platform_system == \"Windows\""}

[[package]]
name = "colorama"
version = "0.4.6"
description = "Cross-platform colored terminal text."
category = "main"
optional = false
python-versions = "!=3.0.*,!=3.1.*,!=3.2.*,!=3.3.*,!=3.4.*,!=3.5.*,!=3.6.*,>=2.7"

[[package]]
name = "coverage"
version = "7.4.3"
description = "Code coverage measurement for Python"
category = "dev"
optional = false
python-versions = ">=3.8"

[package.dependencies]
tomli = {version = "*", optional = true, markers = "python_full_version <= \"3.11.0a6\" and extra == \"toml\""}

[package.extras]
toml = ["tomli"]

[[package]]
name = "css-html-js-minify"
version = "2.5.5"
description = "CSS HTML JS Minifier"
category = "dev"
optional = false
python-versions = ">=3.6"

[[package]]
name = "dictdiffer"
version = "0.9.0"
description = "Dictdiffer is a library that helps you to diff and patch dictionaries."
category = "main"
optional = false
python-versions = "*"

[package.extras]
all = ["Sphinx (>=3)", "sphinx-rtd-theme (>=0.2)", "check-manifest (>=0.42)", "mock (>=1.3.0)", "pytest-cov (>=2.10.1)", "pytest-isort (>=1.2.0)", "sphinx (>=3)", "tox (>=3.7.0)", "numpy (>=1.13.0)", "numpy (>=1.15.0)", "numpy (>=1.18.0)", "pytest (==5.4.3)", "pytest-pycodestyle (>=2)", "pytest-pydocstyle (>=2)", "pytest (>=6)", "pytest-pycodestyle (>=2.2.0)", "pytest-pydocstyle (>=2.2.0)", "numpy (>=1.20.0)"]
docs = ["Sphinx (>=3)", "sphinx-rtd-theme (>=0.2)"]
numpy = ["numpy (>=1.13.0)", "numpy (>=1.15.0)", "numpy (>=1.18.0)", "numpy (>=1.20.0)"]
tests = ["check-manifest (>=0.42)", "mock (>=1.3.0)", "pytest-cov (>=2.10.1)", "pytest-isort (>=1.2.0)", "sphinx (>=3)", "tox (>=3.7.0)", "pytest (==5.4.3)", "pytest-pycodestyle (>=2)", "pytest-pydocstyle (>=2)", "pytest (>=6)", "pytest-pycodestyle (>=2.2.0)", "pytest-pydocstyle (>=2.2.0)"]

[[package]]
name = "docutils"
version = "0.17.1"
description = "Docutils -- Python Documentation Utilities"
category = "dev"
optional = false
python-versions = ">=2.7, !=3.0.*, !=3.1.*, !=3.2.*, !=3.3.*, !=3.4.*"

[[package]]
name = "dynaconf"
version = "3.1.12"
description = "The dynamic configurator for your Python Project"
category = "main"
optional = false
python-versions = ">=3.8"

[package.extras]
all = ["redis", "ruamel.yaml", "configobj", "hvac"]
configobj = ["configobj"]
ini = ["configobj"]
redis = ["redis"]
test = ["pytest", "pytest-cov", "pytest-xdist", "pytest-mock", "flake8", "pep8-naming", "flake8-debugger", "flake8-print", "flake8-todo", "radon", "flask (>=0.12)", "django", "python-dotenv", "toml", "codecov", "redis", "hvac", "configobj"]
toml = ["toml"]
vault = ["hvac"]
yaml = ["ruamel.yaml"]

[[package]]
name = "exceptiongroup"
version = "1.2.0"
description = "Backport of PEP 654 (exception groups)"
category = "main"
optional = false
python-versions = ">=3.7"

[package.extras]
test = ["pytest (>=6)"]

[[package]]
name = "facebook-sdk"
version = "3.1.0"
description = "This client library is designed to support the Facebook Graph API and the official Facebook JavaScript SDK, which is the canonical way to implement Facebook authentication."
category = "main"
optional = false
python-versions = "*"

[package.dependencies]
requests = "*"

[[package]]
name = "fastapi"
version = "0.85.2"
description = "FastAPI framework, high performance, easy to learn, fast to code, ready for production"
category = "main"
optional = false
python-versions = ">=3.7"

[package.dependencies]
pydantic = ">=1.6.2,<1.7 || >1.7,<1.7.1 || >1.7.1,<1.7.2 || >1.7.2,<1.7.3 || >1.7.3,<1.8 || >1.8,<1.8.1 || >1.8.1,<2.0.0"
starlette = "0.20.4"

[package.extras]
all = ["email-validator (>=1.1.1,<2.0.0)", "itsdangerous (>=1.1.0,<3.0.0)", "jinja2 (>=2.11.2,<4.0.0)", "orjson (>=3.2.1,<4.0.0)", "python-multipart (>=0.0.5,<0.0.6)", "pyyaml (>=5.3.1,<7.0.0)", "requests (>=2.24.0,<3.0.0)", "ujson (>=4.0.1,!=4.0.2,!=4.1.0,!=4.2.0,!=4.3.0,!=5.0.0,!=5.1.0,<6.0.0)", "uvicorn[standard] (>=0.12.0,<0.19.0)"]
dev = ["autoflake (>=1.4.0,<2.0.0)", "flake8 (>=3.8.3,<6.0.0)", "pre-commit (>=2.17.0,<3.0.0)", "uvicorn[standard] (>=0.12.0,<0.19.0)"]
doc = ["mdx-include (>=1.4.1,<2.0.0)", "mkdocs-markdownextradata-plugin (>=0.1.7,<0.3.0)", "mkdocs-material (>=8.1.4,<9.0.0)", "mkdocs (>=1.1.2,<2.0.0)", "pyyaml (>=5.3.1,<7.0.0)", "typer[all] (>=0.6.1,<0.7.0)"]
test = ["anyio[trio] (>=3.2.1,<4.0.0)", "black (==22.8.0)", "databases[sqlite] (>=0.3.2,<0.7.0)", "email-validator (>=1.1.1,<2.0.0)", "flake8 (>=3.8.3,<6.0.0)", "flask (>=1.1.2,<3.0.0)", "httpx (>=0.23.0,<0.24.0)", "isort (>=5.0.6,<6.0.0)", "mypy (==0.982)", "orjson (>=3.2.1,<4.0.0)", "passlib[bcrypt] (>=1.7.2,<2.0.0)", "peewee (>=3.13.3,<4.0.0)", "pytest-cov (>=2.12.0,<5.0.0)", "pytest (>=7.1.3,<8.0.0)", "python-jose[cryptography] (>=3.3.0,<4.0.0)", "python-multipart (>=0.0.5,<0.0.6)", "pyyaml (>=5.3.1,<7.0.0)", "requests (>=2.24.0,<3.0.0)", "sqlalchemy (>=1.3.18,<=1.4.41)", "types-orjson (==3.6.2)", "types-ujson (==5.5.0)", "ujson (>=4.0.1,!=4.0.2,!=4.1.0,!=4.2.0,!=4.3.0,!=5.0.0,!=5.1.0,<6.0.0)"]

[[package]]
name = "fastapi-pagination"
version = "0.12.3"
description = "FastAPI pagination"
category = "main"
optional = false
python-versions = ">=3.8,<4.0"

[package.dependencies]
fastapi = ">=0.80.0"
pydantic = ">=1.9.1"

[package.extras]
sqlalchemy = ["SQLAlchemy (>=1.3.20)", "sqlakeyset (>=2.0.1680321678,<3.0.0)"]
asyncpg = ["SQLAlchemy (>=1.3.20)", "asyncpg (>=0.24.0)"]
all = ["SQLAlchemy (>=1.3.20)", "databases (>=0.6.0)", "orm (>=0.3.1)", "tortoise-orm (>=0.16.18,<0.20.0)", "asyncpg (>=0.24.0)", "ormar (>=0.11.2)", "django (<5.0.0)", "piccolo (>=0.89,<0.112)", "motor (>=2.5.1,<4.0.0)", "mongoengine (>=0.23.1,<0.28.0)", "sqlmodel (>=0.0.8,<0.0.9)", "pony (>=0.7.16,<0.8.0)", "beanie (>=1.11.9,<2.0.0)", "sqlakeyset (>=2.0.1680321678,<3.0.0)", "scylla-driver (>=3.25.6,<4.0.0)", "bunnet (>=1.1.0,<2.0.0)"]
databases = ["databases (>=0.6.0)"]
orm = ["databases (>=0.6.0)", "orm (>=0.3.1)"]
django = ["databases (>=0.6.0)", "django (<5.0.0)"]
tortoise = ["tortoise-orm (>=0.16.18,<0.20.0)"]
ormar = ["ormar (>=0.11.2)"]
piccolo = ["piccolo (>=0.89,<0.112)"]
motor = ["motor (>=2.5.1,<4.0.0)"]
mongoengine = ["mongoengine (>=0.23.1,<0.28.0)"]
sqlmodel = ["sqlmodel (>=0.0.8,<0.0.9)", "sqlakeyset (>=2.0.1680321678,<3.0.0)"]
beanie = ["beanie (>=1.11.9,<2.0.0)"]
scylla-driver = ["scylla-driver (>=3.25.6,<4.0.0)"]
bunnet = ["bunnet (>=1.1.0,<2.0.0)"]

[[package]]
name = "h11"
version = "0.14.0"
description = "A pure-Python, bring-your-own-I/O implementation of HTTP/1.1"
category = "main"
optional = false
python-versions = ">=3.7"

[[package]]
name = "httpcore"
version = "0.17.3"
description = "A minimal low-level HTTP client."
category = "dev"
optional = false
python-versions = ">=3.7"

[package.dependencies]
anyio = ">=3.0,<5.0"
certifi = "*"
h11 = ">=0.13,<0.15"
sniffio = ">=1.0.0,<2.0.0"

[package.extras]
http2 = ["h2 (>=3,<5)"]
socks = ["socksio (>=1.0.0,<2.0.0)"]

[[package]]
name = "httpx"
version = "0.24.1"
description = "The next generation HTTP client."
category = "dev"
optional = false
python-versions = ">=3.7"

[package.dependencies]
certifi = "*"
httpcore = ">=0.15.0,<0.18.0"
idna = "*"
sniffio = "*"

[package.extras]
brotli = ["brotli", "brotlicffi"]
cli = ["click (>=8.0.0,<9.0.0)", "pygments (>=2.0.0,<3.0.0)", "rich (>=10,<14)"]
http2 = ["h2 (>=3,<5)"]
socks = ["socksio (>=1.0.0,<2.0.0)"]

[[package]]
name = "idna"
version = "3.6"
description = "Internationalized Domain Names in Applications (IDNA)"
category = "main"
optional = false
python-versions = ">=3.5"

[[package]]
name = "imagesize"
version = "1.4.1"
description = "Getting image size from png/jpeg/jpeg2000/gif file"
category = "dev"
optional = false
python-versions = ">=2.7, !=3.0.*, !=3.1.*, !=3.2.*, !=3.3.*"

[[package]]
name = "iniconfig"
version = "2.0.0"
description = "brain-dead simple config-ini parsing"
category = "dev"
optional = false
python-versions = ">=3.7"

[[package]]
name = "iso8601"
version = "1.1.0"
description = "Simple module to parse ISO 8601 dates"
category = "main"
optional = false
python-versions = ">=3.6.2,<4.0"

[[package]]
name = "jinja2"
version = "3.1.3"
description = "A very fast and expressive template engine."
category = "main"
optional = false
python-versions = ">=3.7"

[package.dependencies]
MarkupSafe = ">=2.0"

[package.extras]
i18n = ["Babel (>=2.7)"]

[[package]]
name = "lxml"
version = "5.1.0"
description = "Powerful and Pythonic XML processing library combining libxml2/libxslt with the ElementTree API."
category = "dev"
optional = false
python-versions = ">=3.6"

[package.extras]
cssselect = ["cssselect (>=0.7)"]
html5 = ["html5lib"]
htmlsoup = ["beautifulsoup4"]
source = ["Cython (>=3.0.7)"]

[[package]]
name = "markdownify"
version = "0.11.6"
description = "Convert HTML to markdown."
category = "main"
optional = false
python-versions = "*"

[package.dependencies]
beautifulsoup4 = ">=4.9,<5"
six = ">=1.15,<2"

[[package]]
name = "markupsafe"
version = "2.1.5"
description = "Safely add untrusted strings to HTML/XML markup."
category = "main"
optional = false
python-versions = ">=3.7"

[[package]]
name = "oauthlib"
version = "3.2.2"
description = "A generic, spec-compliant, thorough implementation of the OAuth request-signing logic"
category = "main"
optional = false
python-versions = ">=3.6"

[package.extras]
rsa = ["cryptography (>=3.0.0)"]
signals = ["blinker (>=1.4.0)"]
signedtoken = ["cryptography (>=3.0.0)", "pyjwt (>=2.0.0,<3)"]

[[package]]
name = "packaging"
version = "23.2"
description = "Core utilities for Python packages"
category = "dev"
optional = false
python-versions = ">=3.7"

[[package]]
name = "pluggy"
version = "1.4.0"
description = "plugin and hook calling mechanisms for python"
category = "dev"
optional = false
python-versions = ">=3.8"

[package.extras]
dev = ["pre-commit", "tox"]
testing = ["pytest", "pytest-benchmark"]

[[package]]
name = "pockets"
version = "0.9.1"
description = "A collection of helpful Python tools!"
category = "dev"
optional = false
python-versions = "*"

[package.dependencies]
six = ">=1.5.2"

[[package]]
name = "py"
version = "1.11.0"
description = "library with cross-python path, ini-parsing, io, code, log facilities"
category = "dev"
optional = false
python-versions = ">=2.7, !=3.0.*, !=3.1.*, !=3.2.*, !=3.3.*, !=3.4.*"

[[package]]
name = "pydantic"
version = "1.10.14"
description = "Data validation and settings management using python type hints"
category = "main"
optional = false
python-versions = ">=3.7"

[package.dependencies]
typing-extensions = ">=4.2.0"

[package.extras]
dotenv = ["python-dotenv (>=0.10.4)"]
email = ["email-validator (>=1.0.3)"]

[[package]]
name = "pygments"
version = "2.17.2"
description = "Pygments is a syntax highlighting package written in Python."
category = "dev"
optional = false
python-versions = ">=3.7"

[package.extras]
plugins = ["importlib-metadata"]
windows-terminal = ["colorama (>=0.4.6)"]

[[package]]
name = "pypika-tortoise"
version = "0.1.6"
description = "Forked from pypika and streamline just for tortoise-orm"
category = "main"
optional = false
python-versions = ">=3.7,<4.0"

[[package]]
name = "pytest"
version = "6.2.5"
description = "pytest: simple powerful testing with Python"
category = "dev"
optional = false
python-versions = ">=3.6"

[package.dependencies]
atomicwrites = {version = ">=1.0", markers = "sys_platform == \"win32\""}
attrs = ">=19.2.0"
colorama = {version = "*", markers = "sys_platform == \"win32\""}
iniconfig = "*"
packaging = "*"
pluggy = ">=0.12,<2.0"
py = ">=1.8.2"
toml = "*"

[package.extras]
testing = ["argcomplete", "hypothesis (>=3.56)", "mock", "nose", "requests", "xmlschema"]

[[package]]
name = "pytest-asyncio"
version = "0.15.1"
description = "Pytest support for asyncio."
category = "dev"
optional = false
python-versions = ">= 3.6"

[package.dependencies]
pytest = ">=5.4.0"

[package.extras]
testing = ["coverage", "hypothesis (>=5.7.1)"]

[[package]]
name = "pytest-cov"
version = "3.0.0"
description = "Pytest plugin for measuring coverage."
category = "dev"
optional = false
python-versions = ">=3.6"

[package.dependencies]
coverage = {version = ">=5.2.1", extras = ["toml"]}
pytest = ">=4.6"

[package.extras]
testing = ["fields", "hunter", "process-tests", "six", "pytest-xdist", "virtualenv"]

[[package]]
name = "pytest-lazy-fixture"
version = "0.6.3"
description = "It helps to use fixtures in pytest.mark.parametrize"
category = "dev"
optional = false
python-versions = "*"

[package.dependencies]
pytest = ">=3.2.5"

[[package]]
name = "python-dateutil"
version = "2.9.0.post0"
description = "Extensions to the standard Python datetime module"
category = "main"
optional = false
python-versions = "!=3.0.*,!=3.1.*,!=3.2.*,>=2.7"

[package.dependencies]
six = ">=1.5"

[[package]]
name = "python-slugify"
version = "8.0.4"
description = "A Python slugify application that also handles Unicode"
category = "dev"
optional = false
python-versions = ">=3.7"

[package.dependencies]
text-unidecode = ">=1.3"
Unidecode = {version = ">=1.1.1", optional = true, markers = "extra == \"unidecode\""}

[package.extras]
unidecode = ["Unidecode (>=1.1.1)"]

[[package]]
name = "pytz"
version = "2024.1"
description = "World timezone definitions, modern and historical"
category = "main"
optional = false
python-versions = "*"

[[package]]
name = "requests"
version = "2.28.2"
description = "Python HTTP for Humans."
category = "main"
optional = false
python-versions = ">=3.7, <4"

[package.dependencies]
certifi = ">=2017.4.17"
charset-normalizer = ">=2,<4"
idna = ">=2.5,<4"
urllib3 = ">=1.21.1,<1.27"

[package.extras]
socks = ["PySocks (>=1.5.6,!=1.5.7)"]
use_chardet_on_py3 = ["chardet (>=3.0.2,<6)"]

[[package]]
name = "requests-oauthlib"
version = "1.3.1"
description = "OAuthlib authentication support for Requests."
category = "main"
optional = false
python-versions = ">=2.7, !=3.0.*, !=3.1.*, !=3.2.*, !=3.3.*"

[package.dependencies]
oauthlib = ">=3.0.0"
requests = ">=2.0.0"

[package.extras]
rsa = ["oauthlib[signedtoken] (>=3.0.0)"]

[[package]]
name = "responses"
version = "0.22.0"
description = "A utility library for mocking out the `requests` Python library."
category = "dev"
optional = false
python-versions = ">=3.7"

[package.dependencies]
requests = ">=2.22.0,<3.0"
toml = "*"
types-toml = "*"
urllib3 = ">=1.25.10"

[package.extras]
tests = ["pytest (>=7.0.0)", "coverage (>=6.0.0)", "pytest-cov", "pytest-asyncio", "pytest-httpserver", "flake8", "types-requests", "mypy"]

[[package]]
name = "six"
version = "1.16.0"
description = "Python 2 and 3 compatibility utilities"
category = "main"
optional = false
python-versions = ">=2.7, !=3.0.*, !=3.1.*, !=3.2.*"

[[package]]
name = "sniffio"
version = "1.3.1"
description = "Sniff out which async library your code is running under"
category = "main"
optional = false
python-versions = ">=3.7"

[[package]]
name = "snowballstemmer"
version = "2.2.0"
description = "This package provides 29 stemmers for 28 languages generated from Snowball algorithms."
category = "dev"
optional = false
python-versions = "*"

[[package]]
name = "soupsieve"
version = "2.5"
description = "A modern CSS selector implementation for Beautiful Soup."
category = "main"
optional = false
python-versions = ">=3.8"

[[package]]
name = "sphinx"
version = "4.4.0"
description = "Python documentation generator"
category = "dev"
optional = false
python-versions = ">=3.6"

[package.dependencies]
alabaster = ">=0.7,<0.8"
babel = ">=1.3"
colorama = {version = ">=0.3.5", markers = "sys_platform == \"win32\""}
docutils = ">=0.14,<0.18"
imagesize = "*"
Jinja2 = ">=2.3"
packaging = "*"
Pygments = ">=2.0"
requests = ">=2.5.0"
snowballstemmer = ">=1.1"
sphinxcontrib-applehelp = "*"
sphinxcontrib-devhelp = "*"
sphinxcontrib-htmlhelp = ">=2.0.0"
sphinxcontrib-jsmath = "*"
sphinxcontrib-qthelp = "*"
sphinxcontrib-serializinghtml = ">=1.1.5"

[package.extras]
docs = ["sphinxcontrib-websupport"]
lint = ["flake8 (>=3.5.0)", "isort", "mypy (>=0.931)", "docutils-stubs", "types-typed-ast", "types-requests"]
test = ["pytest", "pytest-cov", "html5lib", "cython", "typed-ast"]

[[package]]
name = "sphinx-autodoc-typehints"
version = "1.17.1"
description = "Type hints (PEP 484) support for the Sphinx autodoc extension"
category = "dev"
optional = false
python-versions = ">=3.7"

[package.dependencies]
Sphinx = ">=4"

[package.extras]
testing = ["covdefaults (>=2)", "coverage (>=6)", "diff-cover (>=6.4)", "nptyping (>=1,<2)", "pytest (>=6)", "pytest-cov (>=3)", "sphobjinv (>=2)", "typing-extensions (>=3.5)"]
type_comments = ["typed-ast (>=1.4.0)"]

[[package]]
name = "sphinx-material"
version = "0.0.36"
description = "Material sphinx theme"
category = "dev"
optional = false
python-versions = ">=3.6"

[package.dependencies]
beautifulsoup4 = "*"
css-html-js-minify = "*"
lxml = "*"
python-slugify = {version = "*", extras = ["unidecode"]}
sphinx = ">=2.0"

[package.extras]
dev = ["black (==22.12.0)"]

[[package]]
name = "sphinxcontrib-applehelp"
version = "1.0.8"
description = "sphinxcontrib-applehelp is a Sphinx extension which outputs Apple help books"
category = "dev"
optional = false
python-versions = ">=3.9"

[package.extras]
lint = ["flake8", "mypy", "docutils-stubs"]
standalone = ["Sphinx (>=5)"]
test = ["pytest"]

[[package]]
name = "sphinxcontrib-devhelp"
version = "1.0.6"
description = "sphinxcontrib-devhelp is a sphinx extension which outputs Devhelp documents"
category = "dev"
optional = false
python-versions = ">=3.9"

[package.extras]
lint = ["flake8", "mypy", "docutils-stubs"]
standalone = ["Sphinx (>=5)"]
test = ["pytest"]

[[package]]
name = "sphinxcontrib-htmlhelp"
version = "2.0.5"
description = "sphinxcontrib-htmlhelp is a sphinx extension which renders HTML help files"
category = "dev"
optional = false
python-versions = ">=3.9"

[package.extras]
lint = ["flake8", "mypy", "docutils-stubs"]
standalone = ["Sphinx (>=5)"]
test = ["pytest", "html5lib"]

[[package]]
name = "sphinxcontrib-jsmath"
version = "1.0.1"
description = "A sphinx extension which renders display math in HTML via JavaScript"
category = "dev"
optional = false
python-versions = ">=3.5"

[package.extras]
test = ["pytest", "flake8", "mypy"]

[[package]]
name = "sphinxcontrib-napoleon"
version = "0.7"
description = "Sphinx \"napoleon\" extension."
category = "dev"
optional = false
python-versions = "*"

[package.dependencies]
pockets = ">=0.3"
six = ">=1.5.2"

[[package]]
name = "sphinxcontrib-qthelp"
version = "1.0.7"
description = "sphinxcontrib-qthelp is a sphinx extension which outputs QtHelp documents"
category = "dev"
optional = false
python-versions = ">=3.9"

[package.extras]
lint = ["flake8", "mypy", "docutils-stubs"]
standalone = ["Sphinx (>=5)"]
test = ["pytest"]

[[package]]
name = "sphinxcontrib-serializinghtml"
version = "1.1.10"
description = "sphinxcontrib-serializinghtml is a sphinx extension which outputs \"serialized\" HTML files (json and pickle)"
category = "dev"
optional = false
python-versions = ">=3.9"

[package.extras]
lint = ["flake8", "mypy", "docutils-stubs"]
standalone = ["Sphinx (>=5)"]
test = ["pytest"]

[[package]]
name = "starlette"
version = "0.20.4"
description = "The little ASGI library that shines."
category = "main"
optional = false
python-versions = ">=3.7"

[package.dependencies]
anyio = ">=3.4.0,<5"

[package.extras]
full = ["itsdangerous", "jinja2", "python-multipart", "pyyaml", "requests"]

[[package]]
name = "text-unidecode"
version = "1.3"
description = "The most basic Text::Unidecode port"
category = "dev"
optional = false
python-versions = "*"

[[package]]
name = "toml"
version = "0.10.2"
description = "Python Library for Tom's Obvious, Minimal Language"
category = "dev"
optional = false
python-versions = ">=2.6, !=3.0.*, !=3.1.*, !=3.2.*"

[[package]]
name = "tomli"
version = "2.0.1"
description = "A lil' TOML parser"
category = "dev"
optional = false
python-versions = ">=3.7"

[[package]]
name = "tomlkit"
version = "0.12.4"
description = "Style preserving TOML library"
category = "main"
optional = false
python-versions = ">=3.7"

[[package]]
name = "tortoise-orm"
version = "0.19.3"
description = "Easy async ORM for python, built with relations in mind"
category = "main"
optional = false
python-versions = ">=3.7,<4.0"

[package.dependencies]
aiosqlite = ">=0.16.0,<0.18.0"
asyncpg = {version = "*", optional = true, markers = "extra == \"asyncpg\""}
iso8601 = ">=1.0.2,<2.0.0"
pypika-tortoise = ">=0.1.6,<0.2.0"
pytz = "*"

[package.extras]
aiomysql = ["aiomysql"]
asyncmy = ["asyncmy (>=0.2.5,<0.3.0)"]
asyncodbc = ["asyncodbc (>=0.1.1,<0.2.0)"]
asyncpg = ["asyncpg"]
accel = ["ciso8601", "orjson", "uvloop"]
psycopg = ["psycopg[binary,pool] (==3.0.12)"]

[[package]]
name = "tweepy"
version = "4.13.0"
description = "Twitter library for Python"
category = "main"
optional = false
python-versions = ">=3.7"

[package.dependencies]
oauthlib = ">=3.2.0,<4"
requests = ">=2.27.0,<3"
requests-oauthlib = ">=1.2.0,<2"

[package.extras]
async = ["aiohttp (>=3.7.3,<4)", "async-lru (>=1.0.3,<3)"]
dev = ["coverage (>=4.4.2)", "coveralls (>=2.1.0)", "tox (>=3.21.0)"]
docs = ["myst-parser (==0.15.2)", "readthedocs-sphinx-search (==0.1.1)", "sphinx (==4.2.0)", "sphinx-hoverxref (==0.7b1)", "sphinx-tabs (==3.2.0)", "sphinx-rtd-theme (==1.0.0)"]
socks = ["requests[socks] (>=2.27.0,<3)"]
test = ["vcrpy (>=1.10.3)"]

[[package]]
name = "types-toml"
version = "0.10.8.7"
description = "Typing stubs for toml"
category = "dev"
optional = false
python-versions = "*"

[[package]]
name = "typing-extensions"
version = "4.10.0"
description = "Backported and Experimental Type Hints for Python 3.8+"
category = "main"
optional = false
python-versions = ">=3.8"

[[package]]
name = "unidecode"
version = "1.3.8"
description = "ASCII transliterations of Unicode text"
category = "dev"
optional = false
python-versions = ">=3.5"

[[package]]
name = "urllib3"
version = "1.26.18"
description = "HTTP library with thread-safe connection pooling, file post, and more."
category = "main"
optional = false
python-versions = ">=2.7, !=3.0.*, !=3.1.*, !=3.2.*, !=3.3.*, !=3.4.*, !=3.5.*"

[package.extras]
brotli = ["brotlicffi (>=0.8.0)", "brotli (==1.0.9)", "brotlipy (>=0.6.0)", "brotli (>=1.0.9)"]
secure = ["pyOpenSSL (>=0.14)", "cryptography (>=1.3.4)", "idna (>=2.0.0)", "certifi", "urllib3-secure-extra", "ipaddress"]
socks = ["PySocks (>=1.5.6,!=1.5.7,<2.0)"]

[[package]]
name = "uvicorn"
version = "0.17.6"
description = "The lightning-fast ASGI server."
category = "main"
optional = false
python-versions = ">=3.7"

[package.dependencies]
asgiref = ">=3.4.0"
click = ">=7.0"
h11 = ">=0.8"

[package.extras]
standard = ["websockets (>=10.0)", "httptools (>=0.4.0)", "watchgod (>=0.6)", "python-dotenv (>=0.13)", "PyYAML (>=5.1)", "uvloop (>=0.14.0,!=0.15.0,!=0.15.1)", "colorama (>=0.4)"]

[metadata]
lock-version = "1.1"
python-versions = "^3.10"
content-hash = "89e84928564653435f7e8b547f4d5fc68edf0c25c09a05e51d08d234b4b17e52"

[metadata.files]
aerich = []
aiosqlite = []
alabaster = []
anyio = []
appdirs = []
arrow = []
asgiref = []
async-timeout = []
asyncpg = []
asynctest = []
atomicwrites = []
attrs = []
babel = []
beautifulsoup4 = []
certifi = []
charset-normalizer = []
click = []
colorama = []
coverage = []
css-html-js-minify = []
dictdiffer = []
docutils = []
dynaconf = []
exceptiongroup = []
facebook-sdk = []
fastapi = []
fastapi-pagination = []
h11 = []
httpcore = []
httpx = []
idna = []
imagesize = []
iniconfig = []
iso8601 = []
jinja2 = []
lxml = []
markdownify = []
markupsafe = []
oauthlib = []
packaging = []
pluggy = []
pockets = []
py = []
pydantic = []
pygments = []
pypika-tortoise = []
pytest = []
pytest-asyncio = []
pytest-cov = []
pytest-lazy-fixture = []
python-dateutil = []
python-slugify = []
pytz = []
requests = []
requests-oauthlib = []
responses = []
six = []
sniffio = []
snowballstemmer = []
soupsieve = []
sphinx = []
sphinx-autodoc-typehints = []
sphinx-material = []
sphinxcontrib-applehelp = []
sphinxcontrib-devhelp = []
sphinxcontrib-htmlhelp = []
sphinxcontrib-jsmath = []
sphinxcontrib-napoleon = []
sphinxcontrib-qthelp = []
sphinxcontrib-serializinghtml = []
starlette = []
text-unidecode = []
toml = []
tomli = []
tomlkit = []
tortoise-orm = []
tweepy = []
types-toml = []
typing-extensions = []
unidecode = []
urllib3 = []
uvicorn = []
